PODS:
  - 1PasswordExtension (1.8.5)
  - Alamofire (4.8.1)
  - Differentiator (3.1.0)
  - Kanna (4.0.3)
  - Kingfisher (5.3.0)
  - MonkeyKing (1.13.0)
  - Moya/Core (12.0.1):
    - Alamofire (~> 4.1)
    - Result (~> 4.0)
  - Moya/RxSwift (12.0.1):
    - Moya/Core
    - RxSwift (~> 4.0)
  - PKHUD (5.2.1)
  - Result (4.1.0)
  - RxAtomic (4.4.2)
  - RxCocoa (4.4.2):
    - RxSwift (>= 4.4.2, ~> 4.4)
  - RxDataSources (3.1.0):
    - Differentiator (~> 3.0)
    - RxCocoa (~> 4.0)
    - RxSwift (~> 4.0)
  - RxSwift (4.4.2):
    - RxAtomic (>= 4.4.2, ~> 4.4)
  - SKPhotoBrowser (6.0.0)

DEPENDENCIES:
  - 1PasswordExtension (~> 1.8.5)
  - Kanna (~> 4.0.3)
  - Kingfisher (~> 5.3.0)
  - MonkeyKing (~> 1.13.0)
  - Moya/RxSwift (~> 12.0.1)
  - PKHUD (~> 5.2.1)
  - RxCocoa (~> 4.4.2)
  - RxDataSources (~> 3.1.0)
  - SKPhotoBrowser (~> 6.0.0)

SPEC REPOS:
  https://github.com/cocoapods/specs.git:
    - 1PasswordExtension
    - Alamofire
    - Differentiator
    - Kanna
    - Kingfisher
    - MonkeyKing
    - Moya
    - PKHUD
    - Result
    - RxAtomic
    - RxCocoa
    - RxDataSources
    - RxSwift
    - SKPhotoBrowser

SPEC CHECKSUMS:
  1PasswordExtension: 0e95bdea64ec8ff2f4f693be5467a09fac42a83d
  Alamofire: 16ce2c353fb72865124ddae8a57c5942388f4f11
  Differentiator: be49ca3408f0ecfc761e4c7763d20c62be01b9ad
  Kanna: 0ebbdd0e7e3308f0aafbd569e79c8cadc5eb877c
  Kingfisher: 4692c783ffb99e9e2e40a6eb3e518c3b96c6fa8c
  MonkeyKing: cdaa3e93d4802464eceea619aba87f70c31db2e1
  Moya: cf730b3cd9e005401ef37a85143aa141a12fd38f
  PKHUD: 4e6162c4c39ac367c6934e9855c6b4762ee16256
  Result: bd966fac789cc6c1563440b348ab2598cc24d5c7
  RxAtomic: d00e97c10db88c6f08540e0bf2752fc5a2404167
  RxCocoa: 477990dc3b4c3ff55fb0ac77e1cc06244e0aaec8
  RxDataSources: a843bad90c29817f5923ec8163f4af2de084ceb3
  RxSwift: 74c29b693c8e42b0f64400e8b06564575742d649
  SKPhotoBrowser: 76eb862685761707b5745fde7762757966565e07

PODFILE CHECKSUM: dbd3d12fb911bc1564dae9743dbb0a8230fbf649

COCOAPODS: 1.5.3
