PODS:
  - 1PasswordExtension (1.8.5)
  - Alamofire (4.7.0)
  - Crashlytics (3.10.1):
    - Fabric (~> 1.7.5)
  - Differentiator (3.0.2)
  - Fabric (1.7.5)
  - Kanna (4.0.0)
  - Kingfisher (4.6.3)
  - MonkeyKing (1.5.0)
  - Moya/Core (11.0.1):
    - Alamofire (~> 4.1)
    - Result (~> 3.0)
  - Moya/RxSwift (11.0.1):
    - Moya/Core
    - RxSwift (~> 4.0)
  - PKHUD (5.0.0)
  - Result (3.2.4)
  - RxCocoa (4.1.2):
    - RxSwift (~> 4.0)
  - RxDataSources (3.0.2):
    - Differentiator (~> 3.0)
    - RxCocoa (~> 4.0)
    - RxSwift (~> 4.0)
  - RxSwift (4.1.2)
  - SKPhotoBrowser (5.0.5)

DEPENDENCIES:
  - 1PasswordExtension (~> 1.8.5)
  - Crashlytics (~> 3.10.1)
  - Fabric (~> 1.7.5)
  - Kanna (~> 4.0.0)
  - Kingfisher (~> 4.6.3)
  - MonkeyKing (~> 1.5.0)
  - Moya/RxSwift (~> 11.0.1)
  - PKHUD (~> 5.0.0)
  - RxCocoa (~> 4.1.2)
  - RxDataSources (~> 3.0.2)
  - SKPhotoBrowser (~> 5.0.5)

SPEC CHECKSUMS:
  1PasswordExtension: 0e95bdea64ec8ff2f4f693be5467a09fac42a83d
  Alamofire: 907e0a98eb68cdb7f9d1f541a563d6ac5dc77b25
  Crashlytics: aee1a064cbbf99b32efa3f056a5f458d846bc8ff
  Differentiator: a87be69eba49ec4ab460c7671143ee3a9eececfd
  Fabric: ae7146a5f505ea370a1e44820b4b1dc8890e2890
  Kanna: d5ae2a26472f7e7a474e7f36a9cd8aa2c8c63ad3
  Kingfisher: 98e6d5b5e807645743e8ed5ececd25d688d38452
  MonkeyKing: 6e1230a0d3cc41cc5b2a46fb9f4076f38a266704
  Moya: 3d594ada51a21cc02b18739ab578a1984f900c8a
  PKHUD: 3c001512c6e002091184197a8de7a20420786e3b
  Result: d2d07204ce72856f1fd9130bbe42c35a7b0fea10
  RxCocoa: d88ba0f1f6abf040011a9eb4b539324fc426843a
  RxDataSources: cb7c31e652a87ebb919da45f716bbb87b3765f6b
  RxSwift: e49536837d9901277638493ea537394d4b55f570
  SKPhotoBrowser: 5969c3813727f11fe37bea74a40425cafcb32f61

PODFILE CHECKSUM: d475360f887632367e53eb7aab98abca66c86960

COCOAPODS: 1.3.1
