// !$*UTF8*$!
{
	archiveVersion = 1;
	classes = {
	};
	objectVersion = 46;
	objects = {

/* Begin PBXBuildFile section */
		6D9CF13EB5095AD5DABE6E48 /* Pods_V2EX.framework in Frameworks */ = {isa = PBXBuildFile; fileRef = B07A087CCC03573424A85B18 /* Pods_V2EX.framework */; };
		C6109F9FE20B54D835601FDA /* Pods_V2EX.framework in Frameworks */ = {isa = PBXBuildFile; fileRef = AA409175EAE8EE4DA205925E /* Pods_V2EX.framework */; };
		CA01C5721E83BF8100DA8728 /* String.swift in Sources */ = {isa = PBXBuildFile; fileRef = CA01C5711E83BF8100DA8728 /* String.swift */; };
		CA0A6B051E88AE7F00798F88 /* GrowingTextView.swift in Sources */ = {isa = PBXBuildFile; fileRef = CA0A6B041E88AE7F00798F88 /* GrowingTextView.swift */; };
		CA0C0B181E7FB90700B68208 /* Home.storyboard in Resources */ = {isa = PBXBuildFile; fileRef = CA0C0B171E7FB90700B68208 /* Home.storyboard */; };
		CA0C0B1A1E7FC11400B68208 /* NodeTopicsViewController.swift in Sources */ = {isa = PBXBuildFile; fileRef = CA0C0B191E7FC11400B68208 /* NodeTopicsViewController.swift */; };
		CA0C0B1C1E7FC14000B68208 /* NodeTopicsViewModel.swift in Sources */ = {isa = PBXBuildFile; fileRef = CA0C0B1B1E7FC14000B68208 /* NodeTopicsViewModel.swift */; };
		CA0C0B1E1E7FC58800B68208 /* NodeTopicsViewCell.swift in Sources */ = {isa = PBXBuildFile; fileRef = CA0C0B1D1E7FC58800B68208 /* NodeTopicsViewCell.swift */; };
		CA2DB6E41E6E92AA00E585B8 /* TopicDetailsViewController.swift in Sources */ = {isa = PBXBuildFile; fileRef = CA2DB6E31E6E92AA00E585B8 /* TopicDetailsViewController.swift */; };
		CA2DB6E61E6E95D200E585B8 /* TopicDetailsSection.swift in Sources */ = {isa = PBXBuildFile; fileRef = CA2DB6E51E6E95D200E585B8 /* TopicDetailsSection.swift */; };
		CA2DB6EF1E6EACA600E585B8 /* TopicDetailsCommentCell.swift in Sources */ = {isa = PBXBuildFile; fileRef = CA2DB6EE1E6EACA600E585B8 /* TopicDetailsCommentCell.swift */; };
		CA2EEC8D1E78D69000F723E8 /* TimelineHeaderView.swift in Sources */ = {isa = PBXBuildFile; fileRef = CA2EEC8C1E78D69000F723E8 /* TimelineHeaderView.swift */; };
		CA2EEC8F1E78DBD000F723E8 /* TimelineTopicViewCell.swift in Sources */ = {isa = PBXBuildFile; fileRef = CA2EEC8E1E78DBD000F723E8 /* TimelineTopicViewCell.swift */; };
		CA2EEC911E78DBEC00F723E8 /* TimelineReplyViewCell.swift in Sources */ = {isa = PBXBuildFile; fileRef = CA2EEC901E78DBEC00F723E8 /* TimelineReplyViewCell.swift */; };
		CA2EEC951E790B6700F723E8 /* AllPostsViewController.swift in Sources */ = {isa = PBXBuildFile; fileRef = CA2EEC941E790B6700F723E8 /* AllPostsViewController.swift */; };
		CA2EEC971E7910A000F723E8 /* AllPostsViewModel.swift in Sources */ = {isa = PBXBuildFile; fileRef = CA2EEC961E7910A000F723E8 /* AllPostsViewModel.swift */; };
		CA2EEC991E79388600F723E8 /* AllPostsSection.swift in Sources */ = {isa = PBXBuildFile; fileRef = CA2EEC981E79388600F723E8 /* AllPostsSection.swift */; };
		CA2EEC9D1E7942BE00F723E8 /* InfiniteScrollView.swift in Sources */ = {isa = PBXBuildFile; fileRef = CA2EEC9C1E7942BE00F723E8 /* InfiniteScrollView.swift */; };
		CA353E9B1E69478F0006D37B /* TopicViewModel.swift in Sources */ = {isa = PBXBuildFile; fileRef = CA353E9A1E69478F0006D37B /* TopicViewModel.swift */; };
		CA353E9D1E694FD90006D37B /* NodeViewModel.swift in Sources */ = {isa = PBXBuildFile; fileRef = CA353E9C1E694FD90006D37B /* NodeViewModel.swift */; };
		CA353E9F1E6953AF0006D37B /* NodesViewController.swift in Sources */ = {isa = PBXBuildFile; fileRef = CA353E9E1E6953AF0006D37B /* NodesViewController.swift */; };
		CA353EA31E6963C20006D37B /* LoginViewController.swift in Sources */ = {isa = PBXBuildFile; fileRef = CA353EA21E6963C20006D37B /* LoginViewController.swift */; };
		CA353EA51E696D9F0006D37B /* LoginViewModel.swift in Sources */ = {isa = PBXBuildFile; fileRef = CA353EA41E696D9F0006D37B /* LoginViewModel.swift */; };
		CA360AB01E67EF4400DED2FD /* User.swift in Sources */ = {isa = PBXBuildFile; fileRef = CA360AAF1E67EF4400DED2FD /* User.swift */; };
		CA360AB41E67FFA600DED2FD /* HomeViewController.swift in Sources */ = {isa = PBXBuildFile; fileRef = CA360AB31E67FFA600DED2FD /* HomeViewController.swift */; };
		CA360AB61E67FFD400DED2FD /* ReusableView.swift in Sources */ = {isa = PBXBuildFile; fileRef = CA360AB51E67FFD400DED2FD /* ReusableView.swift */; };
		CA360AB81E68004400DED2FD /* TopicViewCell.swift in Sources */ = {isa = PBXBuildFile; fileRef = CA360AB71E68004400DED2FD /* TopicViewCell.swift */; };
		CA360ABA1E68228900DED2FD /* LaunchScreen.storyboard in Resources */ = {isa = PBXBuildFile; fileRef = CA360AB91E68228900DED2FD /* LaunchScreen.storyboard */; };
		CA360ABC1E68228E00DED2FD /* Main.storyboard in Resources */ = {isa = PBXBuildFile; fileRef = CA360ABB1E68228E00DED2FD /* Main.storyboard */; };
		CA3FFAE31E6FA97300470DAD /* Comment.swift in Sources */ = {isa = PBXBuildFile; fileRef = CA3FFAE21E6FA97300470DAD /* Comment.swift */; };
		CA3FFAE51E6FDBD300470DAD /* TopicDetailsViewModel.swift in Sources */ = {isa = PBXBuildFile; fileRef = CA3FFAE41E6FDBD300470DAD /* TopicDetailsViewModel.swift */; };
		CA477A781E6660DD000FC1F5 /* AppDelegate.swift in Sources */ = {isa = PBXBuildFile; fileRef = CA477A771E6660DD000FC1F5 /* AppDelegate.swift */; };
		CA477A7F1E6660ED000FC1F5 /* DrawerViewController.swift in Sources */ = {isa = PBXBuildFile; fileRef = CA477A7A1E6660ED000FC1F5 /* DrawerViewController.swift */; };
		CA477A8A1E6660F4000FC1F5 /* Assets.xcassets in Resources */ = {isa = PBXBuildFile; fileRef = CA477A831E6660F4000FC1F5 /* Assets.xcassets */; };
		CA477A8F1E6661B2000FC1F5 /* API.swift in Sources */ = {isa = PBXBuildFile; fileRef = CA477A8E1E6661B2000FC1F5 /* API.swift */; };
		CA47EB361E82495900737EA5 /* Privacy.swift in Sources */ = {isa = PBXBuildFile; fileRef = CA47EB351E82495900737EA5 /* Privacy.swift */; };
		CA47EB3E1E8270ED00737EA5 /* LICENSES.html in Resources */ = {isa = PBXBuildFile; fileRef = CA47EB3D1E8270ED00737EA5 /* LICENSES.html */; };
		CA47EB401E82716A00737EA5 /* ABOUT.html in Resources */ = {isa = PBXBuildFile; fileRef = CA47EB3F1E82716A00737EA5 /* ABOUT.html */; };
		CA47EB421E82763200737EA5 /* AboutLicensesViewController.swift in Sources */ = {isa = PBXBuildFile; fileRef = CA47EB411E82763200737EA5 /* AboutLicensesViewController.swift */; };
		CA4A4F3A1E84C3A30035E0A7 /* CommentTextView.swift in Sources */ = {isa = PBXBuildFile; fileRef = CA4A4F391E84C3A30035E0A7 /* CommentTextView.swift */; };
		CA4BA8A01E712BB300FEE50E /* style.css in Resources */ = {isa = PBXBuildFile; fileRef = CA4BA89F1E712BB300FEE50E /* style.css */; };
		CA4BA8A41E712DDE00FEE50E /* AppStyle.swift in Sources */ = {isa = PBXBuildFile; fileRef = CA4BA8A31E712DDE00FEE50E /* AppStyle.swift */; };
		CA4BA8C61E713D7300FEE50E /* TopicDetailsHeaderView.swift in Sources */ = {isa = PBXBuildFile; fileRef = CA4BA8C51E713D7300FEE50E /* TopicDetailsHeaderView.swift */; };
		CA505D9F1E6D2C17004F738C /* ActivityIndicator.swift in Sources */ = {isa = PBXBuildFile; fileRef = CA505D9E1E6D2C17004F738C /* ActivityIndicator.swift */; };
		CA505DA31E6D4440004F738C /* Account.swift in Sources */ = {isa = PBXBuildFile; fileRef = CA505DA21E6D4440004F738C /* Account.swift */; };
		CA55A3641E7F726A00A99D6C /* FavoriteItem.swift in Sources */ = {isa = PBXBuildFile; fileRef = CA55A3631E7F726A00A99D6C /* FavoriteItem.swift */; };
		CA55A3661E7FA6B900A99D6C /* FavoriteNodeViewCell.swift in Sources */ = {isa = PBXBuildFile; fileRef = CA55A3651E7FA6B900A99D6C /* FavoriteNodeViewCell.swift */; };
		CA55A36C1E7FB36500A99D6C /* Timeline.storyboard in Resources */ = {isa = PBXBuildFile; fileRef = CA55A36B1E7FB36500A99D6C /* Timeline.storyboard */; };
		CA58105B1E80F68C0003B7C2 /* AppSetting.swift in Sources */ = {isa = PBXBuildFile; fileRef = CA58105A1E80F68C0003B7C2 /* AppSetting.swift */; };
		CA58105D1E80F78C0003B7C2 /* UIImage.swift in Sources */ = {isa = PBXBuildFile; fileRef = CA58105C1E80F78C0003B7C2 /* UIImage.swift */; };
		CA58105F1E80FEC70003B7C2 /* SettingViewModel.swift in Sources */ = {isa = PBXBuildFile; fileRef = CA58105E1E80FEC70003B7C2 /* SettingViewModel.swift */; };
		CA6605F41E764D6300BB19A7 /* mobile.css in Resources */ = {isa = PBXBuildFile; fileRef = CA6605F31E764D6300BB19A7 /* mobile.css */; };
		CA6605F61E768C2D00BB19A7 /* LoadMoreCommentCell.swift in Sources */ = {isa = PBXBuildFile; fileRef = CA6605F51E768C2D00BB19A7 /* LoadMoreCommentCell.swift */; };
		CA864BB41E77864D00997D4E /* HUD.swift in Sources */ = {isa = PBXBuildFile; fileRef = CA864BB31E77864D00997D4E /* HUD.swift */; };
		CA864BB91E77983F00997D4E /* LoginButton.swift in Sources */ = {isa = PBXBuildFile; fileRef = CA864BB81E77983F00997D4E /* LoginButton.swift */; };
		CA864BBB1E779DCD00997D4E /* ProfileViewController.swift in Sources */ = {isa = PBXBuildFile; fileRef = CA864BBA1E779DCD00997D4E /* ProfileViewController.swift */; };
		CA864BBD1E779EEE00997D4E /* ProfileMenuViewCell.swift in Sources */ = {isa = PBXBuildFile; fileRef = CA864BBC1E779EEE00997D4E /* ProfileMenuViewCell.swift */; };
		CA864BBF1E779F2A00997D4E /* ProfileHeaderView.swift in Sources */ = {isa = PBXBuildFile; fileRef = CA864BBE1E779F2A00997D4E /* ProfileHeaderView.swift */; };
		CA864BC51E77DAA600997D4E /* Reply.swift in Sources */ = {isa = PBXBuildFile; fileRef = CA864BC41E77DAA600997D4E /* Reply.swift */; };
		CA864BC71E77DCBE00997D4E /* TimelineViewController.swift in Sources */ = {isa = PBXBuildFile; fileRef = CA864BC61E77DCBE00997D4E /* TimelineViewController.swift */; };
		CA864BCA1E77E39F00997D4E /* TimelineSection.swift in Sources */ = {isa = PBXBuildFile; fileRef = CA864BC91E77E39F00997D4E /* TimelineSection.swift */; };
		CA864BCC1E77E61E00997D4E /* TimelineViewModel.swift in Sources */ = {isa = PBXBuildFile; fileRef = CA864BCB1E77E61E00997D4E /* TimelineViewModel.swift */; };
		CA90CD8D1E66717500CD0B98 /* HTMLParser.swift in Sources */ = {isa = PBXBuildFile; fileRef = CA90CD8C1E66717500CD0B98 /* HTMLParser.swift */; };
		CA90CD911E66AD7400CD0B98 /* Topic.swift in Sources */ = {isa = PBXBuildFile; fileRef = CA90CD901E66AD7400CD0B98 /* Topic.swift */; };
		CA90CD951E66ADEC00CD0B98 /* Node.swift in Sources */ = {isa = PBXBuildFile; fileRef = CA90CD941E66ADEC00CD0B98 /* Node.swift */; };
		CA9DE8841E7B7F91003BA25F /* Message.swift in Sources */ = {isa = PBXBuildFile; fileRef = CA9DE8831E7B7F91003BA25F /* Message.swift */; };
		CA9DE8861E7B8674003BA25F /* MessageViewController.swift in Sources */ = {isa = PBXBuildFile; fileRef = CA9DE8851E7B8674003BA25F /* MessageViewController.swift */; };
		CA9DE8881E7B89CF003BA25F /* MessageViewCell.swift in Sources */ = {isa = PBXBuildFile; fileRef = CA9DE8871E7B89CF003BA25F /* MessageViewCell.swift */; };
		CA9DE88A1E7B8B2C003BA25F /* MessageViewModel.swift in Sources */ = {isa = PBXBuildFile; fileRef = CA9DE8891E7B8B2C003BA25F /* MessageViewModel.swift */; };
		CA9DE88E1E7BCEC8003BA25F /* FavoriteViewController.swift in Sources */ = {isa = PBXBuildFile; fileRef = CA9DE88D1E7BCEC8003BA25F /* FavoriteViewController.swift */; };
		CA9DE8901E7BCED5003BA25F /* SettingViewController.swift in Sources */ = {isa = PBXBuildFile; fileRef = CA9DE88F1E7BCED5003BA25F /* SettingViewController.swift */; };
		CA9DE8921E7BD51A003BA25F /* FavoriteViewModel.swift in Sources */ = {isa = PBXBuildFile; fileRef = CA9DE8911E7BD51A003BA25F /* FavoriteViewModel.swift */; };
		CAFB87FA1E851EB2001885DA /* InputCommentView.swift in Sources */ = {isa = PBXBuildFile; fileRef = CAFB87F91E851EB2001885DA /* InputCommentView.swift */; };
/* End PBXBuildFile section */

/* Begin PBXFileReference section */
		054FE44499A50831AB817549 /* Pods-V2EX.release.xcconfig */ = {isa = PBXFileReference; includeInIndex = 1; lastKnownFileType = text.xcconfig; name = "Pods-V2EX.release.xcconfig"; path = "Pods/Target Support Files/Pods-V2EX/Pods-V2EX.release.xcconfig"; sourceTree = "<group>"; };
		8E90EF33CA89918117D41AC4 /* Pods-V2EX.debug.xcconfig */ = {isa = PBXFileReference; includeInIndex = 1; lastKnownFileType = text.xcconfig; name = "Pods-V2EX.debug.xcconfig"; path = "Pods/Target Support Files/Pods-V2EX/Pods-V2EX.debug.xcconfig"; sourceTree = "<group>"; };
		AA409175EAE8EE4DA205925E /* Pods_V2EX.framework */ = {isa = PBXFileReference; explicitFileType = wrapper.framework; includeInIndex = 0; path = Pods_V2EX.framework; sourceTree = BUILT_PRODUCTS_DIR; };
		B07A087CCC03573424A85B18 /* Pods_V2EX.framework */ = {isa = PBXFileReference; explicitFileType = wrapper.framework; includeInIndex = 0; path = Pods_V2EX.framework; sourceTree = BUILT_PRODUCTS_DIR; };
		CA01C5711E83BF8100DA8728 /* String.swift */ = {isa = PBXFileReference; fileEncoding = 4; lastKnownFileType = sourcecode.swift; path = String.swift; sourceTree = "<group>"; };
		CA0A6B041E88AE7F00798F88 /* GrowingTextView.swift */ = {isa = PBXFileReference; fileEncoding = 4; lastKnownFileType = sourcecode.swift; path = GrowingTextView.swift; sourceTree = "<group>"; };
		CA0C0B171E7FB90700B68208 /* Home.storyboard */ = {isa = PBXFileReference; fileEncoding = 4; lastKnownFileType = file.storyboard; path = Home.storyboard; sourceTree = "<group>"; };
		CA0C0B191E7FC11400B68208 /* NodeTopicsViewController.swift */ = {isa = PBXFileReference; fileEncoding = 4; lastKnownFileType = sourcecode.swift; path = NodeTopicsViewController.swift; sourceTree = "<group>"; };
		CA0C0B1B1E7FC14000B68208 /* NodeTopicsViewModel.swift */ = {isa = PBXFileReference; fileEncoding = 4; lastKnownFileType = sourcecode.swift; path = NodeTopicsViewModel.swift; sourceTree = "<group>"; };
		CA0C0B1D1E7FC58800B68208 /* NodeTopicsViewCell.swift */ = {isa = PBXFileReference; fileEncoding = 4; lastKnownFileType = sourcecode.swift; path = NodeTopicsViewCell.swift; sourceTree = "<group>"; };
		CA2DB6E31E6E92AA00E585B8 /* TopicDetailsViewController.swift */ = {isa = PBXFileReference; fileEncoding = 4; lastKnownFileType = sourcecode.swift; path = TopicDetailsViewController.swift; sourceTree = "<group>"; };
		CA2DB6E51E6E95D200E585B8 /* TopicDetailsSection.swift */ = {isa = PBXFileReference; fileEncoding = 4; lastKnownFileType = sourcecode.swift; path = TopicDetailsSection.swift; sourceTree = "<group>"; };
		CA2DB6EE1E6EACA600E585B8 /* TopicDetailsCommentCell.swift */ = {isa = PBXFileReference; fileEncoding = 4; lastKnownFileType = sourcecode.swift; path = TopicDetailsCommentCell.swift; sourceTree = "<group>"; };
		CA2EEC8C1E78D69000F723E8 /* TimelineHeaderView.swift */ = {isa = PBXFileReference; fileEncoding = 4; lastKnownFileType = sourcecode.swift; path = TimelineHeaderView.swift; sourceTree = "<group>"; };
		CA2EEC8E1E78DBD000F723E8 /* TimelineTopicViewCell.swift */ = {isa = PBXFileReference; fileEncoding = 4; lastKnownFileType = sourcecode.swift; path = TimelineTopicViewCell.swift; sourceTree = "<group>"; };
		CA2EEC901E78DBEC00F723E8 /* TimelineReplyViewCell.swift */ = {isa = PBXFileReference; fileEncoding = 4; lastKnownFileType = sourcecode.swift; path = TimelineReplyViewCell.swift; sourceTree = "<group>"; };
		CA2EEC941E790B6700F723E8 /* AllPostsViewController.swift */ = {isa = PBXFileReference; fileEncoding = 4; lastKnownFileType = sourcecode.swift; path = AllPostsViewController.swift; sourceTree = "<group>"; };
		CA2EEC961E7910A000F723E8 /* AllPostsViewModel.swift */ = {isa = PBXFileReference; fileEncoding = 4; lastKnownFileType = sourcecode.swift; path = AllPostsViewModel.swift; sourceTree = "<group>"; };
		CA2EEC981E79388600F723E8 /* AllPostsSection.swift */ = {isa = PBXFileReference; fileEncoding = 4; lastKnownFileType = sourcecode.swift; path = AllPostsSection.swift; sourceTree = "<group>"; };
		CA2EEC9C1E7942BE00F723E8 /* InfiniteScrollView.swift */ = {isa = PBXFileReference; fileEncoding = 4; lastKnownFileType = sourcecode.swift; path = InfiniteScrollView.swift; sourceTree = "<group>"; };
		CA353E9A1E69478F0006D37B /* TopicViewModel.swift */ = {isa = PBXFileReference; fileEncoding = 4; lastKnownFileType = sourcecode.swift; path = TopicViewModel.swift; sourceTree = "<group>"; };
		CA353E9C1E694FD90006D37B /* NodeViewModel.swift */ = {isa = PBXFileReference; fileEncoding = 4; lastKnownFileType = sourcecode.swift; path = NodeViewModel.swift; sourceTree = "<group>"; };
		CA353E9E1E6953AF0006D37B /* NodesViewController.swift */ = {isa = PBXFileReference; fileEncoding = 4; lastKnownFileType = sourcecode.swift; path = NodesViewController.swift; sourceTree = "<group>"; };
		CA353EA21E6963C20006D37B /* LoginViewController.swift */ = {isa = PBXFileReference; fileEncoding = 4; lastKnownFileType = sourcecode.swift; path = LoginViewController.swift; sourceTree = "<group>"; };
		CA353EA41E696D9F0006D37B /* LoginViewModel.swift */ = {isa = PBXFileReference; fileEncoding = 4; lastKnownFileType = sourcecode.swift; path = LoginViewModel.swift; sourceTree = "<group>"; };
		CA360AAF1E67EF4400DED2FD /* User.swift */ = {isa = PBXFileReference; fileEncoding = 4; lastKnownFileType = sourcecode.swift; path = User.swift; sourceTree = "<group>"; };
		CA360AB31E67FFA600DED2FD /* HomeViewController.swift */ = {isa = PBXFileReference; fileEncoding = 4; lastKnownFileType = sourcecode.swift; path = HomeViewController.swift; sourceTree = "<group>"; };
		CA360AB51E67FFD400DED2FD /* ReusableView.swift */ = {isa = PBXFileReference; fileEncoding = 4; lastKnownFileType = sourcecode.swift; path = ReusableView.swift; sourceTree = "<group>"; };
		CA360AB71E68004400DED2FD /* TopicViewCell.swift */ = {isa = PBXFileReference; fileEncoding = 4; lastKnownFileType = sourcecode.swift; path = TopicViewCell.swift; sourceTree = "<group>"; };
		CA360AB91E68228900DED2FD /* LaunchScreen.storyboard */ = {isa = PBXFileReference; fileEncoding = 4; lastKnownFileType = file.storyboard; path = LaunchScreen.storyboard; sourceTree = "<group>"; };
		CA360ABB1E68228E00DED2FD /* Main.storyboard */ = {isa = PBXFileReference; fileEncoding = 4; lastKnownFileType = file.storyboard; path = Main.storyboard; sourceTree = "<group>"; };
		CA3FFAE21E6FA97300470DAD /* Comment.swift */ = {isa = PBXFileReference; fileEncoding = 4; lastKnownFileType = sourcecode.swift; path = Comment.swift; sourceTree = "<group>"; };
		CA3FFAE41E6FDBD300470DAD /* TopicDetailsViewModel.swift */ = {isa = PBXFileReference; fileEncoding = 4; lastKnownFileType = sourcecode.swift; path = TopicDetailsViewModel.swift; sourceTree = "<group>"; };
		CA477A771E6660DD000FC1F5 /* AppDelegate.swift */ = {isa = PBXFileReference; fileEncoding = 4; lastKnownFileType = sourcecode.swift; path = AppDelegate.swift; sourceTree = "<group>"; };
		CA477A7A1E6660ED000FC1F5 /* DrawerViewController.swift */ = {isa = PBXFileReference; fileEncoding = 4; lastKnownFileType = sourcecode.swift; path = DrawerViewController.swift; sourceTree = "<group>"; };
		CA477A831E6660F4000FC1F5 /* Assets.xcassets */ = {isa = PBXFileReference; lastKnownFileType = folder.assetcatalog; path = Assets.xcassets; sourceTree = "<group>"; };
		CA477A891E6660F4000FC1F5 /* Info.plist */ = {isa = PBXFileReference; fileEncoding = 4; lastKnownFileType = text.plist.xml; path = Info.plist; sourceTree = "<group>"; };
		CA477A8E1E6661B2000FC1F5 /* API.swift */ = {isa = PBXFileReference; fileEncoding = 4; lastKnownFileType = sourcecode.swift; path = API.swift; sourceTree = "<group>"; };
		CA47EB351E82495900737EA5 /* Privacy.swift */ = {isa = PBXFileReference; fileEncoding = 4; lastKnownFileType = sourcecode.swift; path = Privacy.swift; sourceTree = "<group>"; };
		CA47EB3D1E8270ED00737EA5 /* LICENSES.html */ = {isa = PBXFileReference; fileEncoding = 4; lastKnownFileType = text.html; path = LICENSES.html; sourceTree = "<group>"; };
		CA47EB3F1E82716A00737EA5 /* ABOUT.html */ = {isa = PBXFileReference; fileEncoding = 4; lastKnownFileType = text.html; path = ABOUT.html; sourceTree = "<group>"; };
		CA47EB411E82763200737EA5 /* AboutLicensesViewController.swift */ = {isa = PBXFileReference; fileEncoding = 4; lastKnownFileType = sourcecode.swift; path = AboutLicensesViewController.swift; sourceTree = "<group>"; };
		CA4A4F391E84C3A30035E0A7 /* CommentTextView.swift */ = {isa = PBXFileReference; fileEncoding = 4; lastKnownFileType = sourcecode.swift; path = CommentTextView.swift; sourceTree = "<group>"; };
		CA4BA89F1E712BB300FEE50E /* style.css */ = {isa = PBXFileReference; fileEncoding = 4; lastKnownFileType = text.css; path = style.css; sourceTree = "<group>"; };
		CA4BA8A31E712DDE00FEE50E /* AppStyle.swift */ = {isa = PBXFileReference; fileEncoding = 4; lastKnownFileType = sourcecode.swift; path = AppStyle.swift; sourceTree = "<group>"; };
		CA4BA8C51E713D7300FEE50E /* TopicDetailsHeaderView.swift */ = {isa = PBXFileReference; fileEncoding = 4; lastKnownFileType = sourcecode.swift; path = TopicDetailsHeaderView.swift; sourceTree = "<group>"; };
		CA505D9E1E6D2C17004F738C /* ActivityIndicator.swift */ = {isa = PBXFileReference; fileEncoding = 4; lastKnownFileType = sourcecode.swift; path = ActivityIndicator.swift; sourceTree = "<group>"; };
		CA505DA21E6D4440004F738C /* Account.swift */ = {isa = PBXFileReference; fileEncoding = 4; lastKnownFileType = sourcecode.swift; path = Account.swift; sourceTree = "<group>"; };
		CA55A3631E7F726A00A99D6C /* FavoriteItem.swift */ = {isa = PBXFileReference; fileEncoding = 4; lastKnownFileType = sourcecode.swift; path = FavoriteItem.swift; sourceTree = "<group>"; };
		CA55A3651E7FA6B900A99D6C /* FavoriteNodeViewCell.swift */ = {isa = PBXFileReference; fileEncoding = 4; lastKnownFileType = sourcecode.swift; path = FavoriteNodeViewCell.swift; sourceTree = "<group>"; };
		CA55A36B1E7FB36500A99D6C /* Timeline.storyboard */ = {isa = PBXFileReference; fileEncoding = 4; lastKnownFileType = file.storyboard; path = Timeline.storyboard; sourceTree = "<group>"; };
		CA58105A1E80F68C0003B7C2 /* AppSetting.swift */ = {isa = PBXFileReference; fileEncoding = 4; lastKnownFileType = sourcecode.swift; path = AppSetting.swift; sourceTree = "<group>"; };
		CA58105C1E80F78C0003B7C2 /* UIImage.swift */ = {isa = PBXFileReference; fileEncoding = 4; lastKnownFileType = sourcecode.swift; path = UIImage.swift; sourceTree = "<group>"; };
		CA58105E1E80FEC70003B7C2 /* SettingViewModel.swift */ = {isa = PBXFileReference; fileEncoding = 4; lastKnownFileType = sourcecode.swift; path = SettingViewModel.swift; sourceTree = "<group>"; };
		CA6605F31E764D6300BB19A7 /* mobile.css */ = {isa = PBXFileReference; fileEncoding = 4; lastKnownFileType = text.css; path = mobile.css; sourceTree = "<group>"; };
		CA6605F51E768C2D00BB19A7 /* LoadMoreCommentCell.swift */ = {isa = PBXFileReference; fileEncoding = 4; lastKnownFileType = sourcecode.swift; path = LoadMoreCommentCell.swift; sourceTree = "<group>"; };
		CA864BB31E77864D00997D4E /* HUD.swift */ = {isa = PBXFileReference; fileEncoding = 4; lastKnownFileType = sourcecode.swift; path = HUD.swift; sourceTree = "<group>"; };
		CA864BB81E77983F00997D4E /* LoginButton.swift */ = {isa = PBXFileReference; fileEncoding = 4; lastKnownFileType = sourcecode.swift; path = LoginButton.swift; sourceTree = "<group>"; };
		CA864BBA1E779DCD00997D4E /* ProfileViewController.swift */ = {isa = PBXFileReference; fileEncoding = 4; lastKnownFileType = sourcecode.swift; path = ProfileViewController.swift; sourceTree = "<group>"; };
		CA864BBC1E779EEE00997D4E /* ProfileMenuViewCell.swift */ = {isa = PBXFileReference; fileEncoding = 4; lastKnownFileType = sourcecode.swift; path = ProfileMenuViewCell.swift; sourceTree = "<group>"; };
		CA864BBE1E779F2A00997D4E /* ProfileHeaderView.swift */ = {isa = PBXFileReference; fileEncoding = 4; lastKnownFileType = sourcecode.swift; path = ProfileHeaderView.swift; sourceTree = "<group>"; };
		CA864BC41E77DAA600997D4E /* Reply.swift */ = {isa = PBXFileReference; fileEncoding = 4; lastKnownFileType = sourcecode.swift; path = Reply.swift; sourceTree = "<group>"; };
		CA864BC61E77DCBE00997D4E /* TimelineViewController.swift */ = {isa = PBXFileReference; fileEncoding = 4; lastKnownFileType = sourcecode.swift; path = TimelineViewController.swift; sourceTree = "<group>"; };
		CA864BC91E77E39F00997D4E /* TimelineSection.swift */ = {isa = PBXFileReference; fileEncoding = 4; lastKnownFileType = sourcecode.swift; path = TimelineSection.swift; sourceTree = "<group>"; };
		CA864BCB1E77E61E00997D4E /* TimelineViewModel.swift */ = {isa = PBXFileReference; fileEncoding = 4; lastKnownFileType = sourcecode.swift; path = TimelineViewModel.swift; sourceTree = "<group>"; };
		CA86BE071E5EBAC10038DE1D /* V2EX.app */ = {isa = PBXFileReference; explicitFileType = wrapper.application; includeInIndex = 0; path = V2EX.app; sourceTree = BUILT_PRODUCTS_DIR; };
		CA90CD8C1E66717500CD0B98 /* HTMLParser.swift */ = {isa = PBXFileReference; fileEncoding = 4; lastKnownFileType = sourcecode.swift; path = HTMLParser.swift; sourceTree = "<group>"; };
		CA90CD901E66AD7400CD0B98 /* Topic.swift */ = {isa = PBXFileReference; fileEncoding = 4; lastKnownFileType = sourcecode.swift; path = Topic.swift; sourceTree = "<group>"; };
		CA90CD941E66ADEC00CD0B98 /* Node.swift */ = {isa = PBXFileReference; fileEncoding = 4; lastKnownFileType = sourcecode.swift; path = Node.swift; sourceTree = "<group>"; };
		CA9DE8831E7B7F91003BA25F /* Message.swift */ = {isa = PBXFileReference; fileEncoding = 4; lastKnownFileType = sourcecode.swift; path = Message.swift; sourceTree = "<group>"; };
		CA9DE8851E7B8674003BA25F /* MessageViewController.swift */ = {isa = PBXFileReference; fileEncoding = 4; lastKnownFileType = sourcecode.swift; path = MessageViewController.swift; sourceTree = "<group>"; };
		CA9DE8871E7B89CF003BA25F /* MessageViewCell.swift */ = {isa = PBXFileReference; fileEncoding = 4; lastKnownFileType = sourcecode.swift; path = MessageViewCell.swift; sourceTree = "<group>"; };
		CA9DE8891E7B8B2C003BA25F /* MessageViewModel.swift */ = {isa = PBXFileReference; fileEncoding = 4; lastKnownFileType = sourcecode.swift; path = MessageViewModel.swift; sourceTree = "<group>"; };
		CA9DE88D1E7BCEC8003BA25F /* FavoriteViewController.swift */ = {isa = PBXFileReference; fileEncoding = 4; lastKnownFileType = sourcecode.swift; path = FavoriteViewController.swift; sourceTree = "<group>"; };
		CA9DE88F1E7BCED5003BA25F /* SettingViewController.swift */ = {isa = PBXFileReference; fileEncoding = 4; lastKnownFileType = sourcecode.swift; path = SettingViewController.swift; sourceTree = "<group>"; };
		CA9DE8911E7BD51A003BA25F /* FavoriteViewModel.swift */ = {isa = PBXFileReference; fileEncoding = 4; lastKnownFileType = sourcecode.swift; path = FavoriteViewModel.swift; sourceTree = "<group>"; };
		CAFB87F91E851EB2001885DA /* InputCommentView.swift */ = {isa = PBXFileReference; fileEncoding = 4; lastKnownFileType = sourcecode.swift; path = InputCommentView.swift; sourceTree = "<group>"; };
/* End PBXFileReference section */

/* Begin PBXFrameworksBuildPhase section */
		CA86BE041E5EBAC10038DE1D /* Frameworks */ = {
			isa = PBXFrameworksBuildPhase;
			buildActionMask = 2147483647;
			files = (
				C6109F9FE20B54D835601FDA /* Pods_V2EX.framework in Frameworks */,
				6D9CF13EB5095AD5DABE6E48 /* Pods_V2EX.framework in Frameworks */,
			);
			runOnlyForDeploymentPostprocessing = 0;
		};
/* End PBXFrameworksBuildPhase section */

/* Begin PBXGroup section */
		0786EACA5C2FE942AE889EA4 /* Frameworks */ = {
			isa = PBXGroup;
			children = (
				AA409175EAE8EE4DA205925E /* Pods_V2EX.framework */,
			);
			name = Frameworks;
			path = ..;
			sourceTree = "<group>";
		};
		2A1D4EEDA3FFB9A24C273F7F /* Pods */ = {
			isa = PBXGroup;
			children = (
				8E90EF33CA89918117D41AC4 /* Pods-V2EX.debug.xcconfig */,
				054FE44499A50831AB817549 /* Pods-V2EX.release.xcconfig */,
			);
			name = Pods;
			sourceTree = "<group>";
		};
		3FCE05ED5137692283827EFE /* Frameworks */ = {
			isa = PBXGroup;
			children = (
				B07A087CCC03573424A85B18 /* Pods_V2EX.framework */,
			);
			name = Frameworks;
			sourceTree = "<group>";
		};
		CA353E991E6947550006D37B /* ViewModel */ = {
			isa = PBXGroup;
			children = (
				CA353E9A1E69478F0006D37B /* TopicViewModel.swift */,
				CA353E9C1E694FD90006D37B /* NodeViewModel.swift */,
				CA353EA41E696D9F0006D37B /* LoginViewModel.swift */,
				CA3FFAE41E6FDBD300470DAD /* TopicDetailsViewModel.swift */,
				CA864BCB1E77E61E00997D4E /* TimelineViewModel.swift */,
				CA2EEC961E7910A000F723E8 /* AllPostsViewModel.swift */,
				CA9DE8891E7B8B2C003BA25F /* MessageViewModel.swift */,
				CA9DE8911E7BD51A003BA25F /* FavoriteViewModel.swift */,
				CA0C0B1B1E7FC14000B68208 /* NodeTopicsViewModel.swift */,
				CA58105E1E80FEC70003B7C2 /* SettingViewModel.swift */,
			);
			path = ViewModel;
			sourceTree = "<group>";
		};
		CA477A6D1E665F68000FC1F5 /* App */ = {
			isa = PBXGroup;
			children = (
				CA477A771E6660DD000FC1F5 /* AppDelegate.swift */,
				CA4BA8A31E712DDE00FEE50E /* AppStyle.swift */,
				CA58105A1E80F68C0003B7C2 /* AppSetting.swift */,
			);
			path = App;
			sourceTree = "<group>";
		};
		CA477A6E1E665F68000FC1F5 /* Cells */ = {
			isa = PBXGroup;
			children = (
				CA360AB71E68004400DED2FD /* TopicViewCell.swift */,
				CA864BBC1E779EEE00997D4E /* ProfileMenuViewCell.swift */,
				CA2DB6EE1E6EACA600E585B8 /* TopicDetailsCommentCell.swift */,
				CA6605F51E768C2D00BB19A7 /* LoadMoreCommentCell.swift */,
				CA2EEC8E1E78DBD000F723E8 /* TimelineTopicViewCell.swift */,
				CA2EEC901E78DBEC00F723E8 /* TimelineReplyViewCell.swift */,
				CA9DE8871E7B89CF003BA25F /* MessageViewCell.swift */,
				CA55A3651E7FA6B900A99D6C /* FavoriteNodeViewCell.swift */,
				CA0C0B1D1E7FC58800B68208 /* NodeTopicsViewCell.swift */,
			);
			path = Cells;
			sourceTree = "<group>";
		};
		CA477A6F1E665F68000FC1F5 /* Extensions */ = {
			isa = PBXGroup;
			children = (
				CA360AB51E67FFD400DED2FD /* ReusableView.swift */,
				CA2EEC9C1E7942BE00F723E8 /* InfiniteScrollView.swift */,
				CA58105C1E80F78C0003B7C2 /* UIImage.swift */,
				CA01C5711E83BF8100DA8728 /* String.swift */,
			);
			path = Extensions;
			sourceTree = "<group>";
		};
		CA477A701E665F68000FC1F5 /* Models */ = {
			isa = PBXGroup;
			children = (
				CA505DA21E6D4440004F738C /* Account.swift */,
				CA90CD901E66AD7400CD0B98 /* Topic.swift */,
				CA90CD941E66ADEC00CD0B98 /* Node.swift */,
				CA360AAF1E67EF4400DED2FD /* User.swift */,
				CA3FFAE21E6FA97300470DAD /* Comment.swift */,
				CA864BC41E77DAA600997D4E /* Reply.swift */,
				CA9DE8831E7B7F91003BA25F /* Message.swift */,
				CA2DB6E51E6E95D200E585B8 /* TopicDetailsSection.swift */,
				CA864BC91E77E39F00997D4E /* TimelineSection.swift */,
				CA2EEC981E79388600F723E8 /* AllPostsSection.swift */,
				CA55A3631E7F726A00A99D6C /* FavoriteItem.swift */,
				CA47EB351E82495900737EA5 /* Privacy.swift */,
			);
			path = Models;
			sourceTree = "<group>";
		};
		CA477A711E665F68000FC1F5 /* Networking */ = {
			isa = PBXGroup;
			children = (
				CA477A8E1E6661B2000FC1F5 /* API.swift */,
			);
			path = Networking;
			sourceTree = "<group>";
		};
		CA477A721E665F68000FC1F5 /* Services */ = {
			isa = PBXGroup;
			children = (
				CA90CD8C1E66717500CD0B98 /* HTMLParser.swift */,
				CA505D9E1E6D2C17004F738C /* ActivityIndicator.swift */,
			);
			path = Services;
			sourceTree = "<group>";
		};
		CA477A731E665F68000FC1F5 /* Supporting Files */ = {
			isa = PBXGroup;
			children = (
				CA360ABB1E68228E00DED2FD /* Main.storyboard */,
				CA0C0B171E7FB90700B68208 /* Home.storyboard */,
				CA55A36B1E7FB36500A99D6C /* Timeline.storyboard */,
				CA360AB91E68228900DED2FD /* LaunchScreen.storyboard */,
				CA477A831E6660F4000FC1F5 /* Assets.xcassets */,
				CA477A891E6660F4000FC1F5 /* Info.plist */,
				CA6605F31E764D6300BB19A7 /* mobile.css */,
				CA4BA89F1E712BB300FEE50E /* style.css */,
				CA47EB3D1E8270ED00737EA5 /* LICENSES.html */,
				CA47EB3F1E82716A00737EA5 /* ABOUT.html */,
			);
			path = "Supporting Files";
			sourceTree = "<group>";
		};
		CA477A751E665F68000FC1F5 /* ViewControllers */ = {
			isa = PBXGroup;
			children = (
				CA477A7A1E6660ED000FC1F5 /* DrawerViewController.swift */,
				CA864BBA1E779DCD00997D4E /* ProfileViewController.swift */,
				CA353EA21E6963C20006D37B /* LoginViewController.swift */,
				CA360AB31E67FFA600DED2FD /* HomeViewController.swift */,
				CA2DB6E31E6E92AA00E585B8 /* TopicDetailsViewController.swift */,
				CA353E9E1E6953AF0006D37B /* NodesViewController.swift */,
				CA864BC61E77DCBE00997D4E /* TimelineViewController.swift */,
				CA2EEC941E790B6700F723E8 /* AllPostsViewController.swift */,
				CA9DE8851E7B8674003BA25F /* MessageViewController.swift */,
				CA9DE88D1E7BCEC8003BA25F /* FavoriteViewController.swift */,
				CA9DE88F1E7BCED5003BA25F /* SettingViewController.swift */,
				CA0C0B191E7FC11400B68208 /* NodeTopicsViewController.swift */,
				CA47EB411E82763200737EA5 /* AboutLicensesViewController.swift */,
			);
			path = ViewControllers;
			sourceTree = "<group>";
		};
		CA477A761E665F68000FC1F5 /* Views */ = {
			isa = PBXGroup;
			children = (
				CA864BB31E77864D00997D4E /* HUD.swift */,
				CA864BB81E77983F00997D4E /* LoginButton.swift */,
				CA864BBE1E779F2A00997D4E /* ProfileHeaderView.swift */,
				CA4BA8C51E713D7300FEE50E /* TopicDetailsHeaderView.swift */,
				CA2EEC8C1E78D69000F723E8 /* TimelineHeaderView.swift */,
				CA4A4F391E84C3A30035E0A7 /* CommentTextView.swift */,
				CA0A6B041E88AE7F00798F88 /* GrowingTextView.swift */,
				CAFB87F91E851EB2001885DA /* InputCommentView.swift */,
			);
			path = Views;
			sourceTree = "<group>";
		};
		CA86BDFE1E5EBAC10038DE1D = {
			isa = PBXGroup;
			children = (
				CA86BE091E5EBAC10038DE1D /* V2EX */,
				CA86BE081E5EBAC10038DE1D /* Products */,
				2A1D4EEDA3FFB9A24C273F7F /* Pods */,
				3FCE05ED5137692283827EFE /* Frameworks */,
			);
			sourceTree = "<group>";
		};
		CA86BE081E5EBAC10038DE1D /* Products */ = {
			isa = PBXGroup;
			children = (
				CA86BE071E5EBAC10038DE1D /* V2EX.app */,
			);
			name = Products;
			sourceTree = "<group>";
		};
		CA86BE091E5EBAC10038DE1D /* V2EX */ = {
			isa = PBXGroup;
			children = (
				CA477A6D1E665F68000FC1F5 /* App */,
				CA477A761E665F68000FC1F5 /* Views */,
				CA477A6E1E665F68000FC1F5 /* Cells */,
				CA477A701E665F68000FC1F5 /* Models */,
				CA353E991E6947550006D37B /* ViewModel */,
				CA477A721E665F68000FC1F5 /* Services */,
				CA477A711E665F68000FC1F5 /* Networking */,
				CA477A6F1E665F68000FC1F5 /* Extensions */,
				CA477A751E665F68000FC1F5 /* ViewControllers */,
				CA477A731E665F68000FC1F5 /* Supporting Files */,
				0786EACA5C2FE942AE889EA4 /* Frameworks */,
			);
			path = V2EX;
			sourceTree = "<group>";
		};
/* End PBXGroup section */

/* Begin PBXNativeTarget section */
		CA86BE061E5EBAC10038DE1D /* V2EX */ = {
			isa = PBXNativeTarget;
			buildConfigurationList = CA86BE191E5EBAC10038DE1D /* Build configuration list for PBXNativeTarget "V2EX" */;
			buildPhases = (
				4CADCEA2106141AAF7203496 /* [CP] Check Pods Manifest.lock */,
				CA86BE031E5EBAC10038DE1D /* Sources */,
				CA86BE041E5EBAC10038DE1D /* Frameworks */,
				CA86BE051E5EBAC10038DE1D /* Resources */,
				6D3B1DE75A07926405DCD5C8 /* [CP] Embed Pods Frameworks */,
				CA5982A4C883D6BEB192AEBF /* [CP] Copy Pods Resources */,
			);
			buildRules = (
			);
			dependencies = (
			);
			name = V2EX;
			productName = V2EX;
			productReference = CA86BE071E5EBAC10038DE1D /* V2EX.app */;
			productType = "com.apple.product-type.application";
		};
/* End PBXNativeTarget section */

/* Begin PBXProject section */
		CA86BDFF1E5EBAC10038DE1D /* Project object */ = {
			isa = PBXProject;
			attributes = {
				LastSwiftUpdateCheck = 0820;
				LastUpgradeCheck = 0820;
				ORGANIZATIONNAME = wgh;
				TargetAttributes = {
					CA86BE061E5EBAC10038DE1D = {
						CreatedOnToolsVersion = 8.2.1;
						DevelopmentTeam = VE7H86BMP3;
						LastSwiftMigration = 0820;
						ProvisioningStyle = Automatic;
					};
				};
			};
			buildConfigurationList = CA86BE021E5EBAC10038DE1D /* Build configuration list for PBXProject "V2EX" */;
			compatibilityVersion = "Xcode 3.2";
			developmentRegion = English;
			hasScannedForEncodings = 0;
			knownRegions = (
				en,
				Base,
			);
			mainGroup = CA86BDFE1E5EBAC10038DE1D;
			productRefGroup = CA86BE081E5EBAC10038DE1D /* Products */;
			projectDirPath = "";
			projectRoot = "";
			targets = (
				CA86BE061E5EBAC10038DE1D /* V2EX */,
			);
		};
/* End PBXProject section */

/* Begin PBXResourcesBuildPhase section */
		CA86BE051E5EBAC10038DE1D /* Resources */ = {
			isa = PBXResourcesBuildPhase;
			buildActionMask = 2147483647;
			files = (
				CA360ABC1E68228E00DED2FD /* Main.storyboard in Resources */,
				CA55A36C1E7FB36500A99D6C /* Timeline.storyboard in Resources */,
				CA4BA8A01E712BB300FEE50E /* style.css in Resources */,
				CA6605F41E764D6300BB19A7 /* mobile.css in Resources */,
				CA477A8A1E6660F4000FC1F5 /* Assets.xcassets in Resources */,
				CA360ABA1E68228900DED2FD /* LaunchScreen.storyboard in Resources */,
				CA47EB3E1E8270ED00737EA5 /* LICENSES.html in Resources */,
				CA0C0B181E7FB90700B68208 /* Home.storyboard in Resources */,
				CA47EB401E82716A00737EA5 /* ABOUT.html in Resources */,
			);
			runOnlyForDeploymentPostprocessing = 0;
		};
/* End PBXResourcesBuildPhase section */

/* Begin PBXShellScriptBuildPhase section */
		4CADCEA2106141AAF7203496 /* [CP] Check Pods Manifest.lock */ = {
			isa = PBXShellScriptBuildPhase;
			buildActionMask = 2147483647;
			files = (
			);
			inputPaths = (
			);
			name = "[CP] Check Pods Manifest.lock";
			outputPaths = (
			);
			runOnlyForDeploymentPostprocessing = 0;
			shellPath = /bin/sh;
			shellScript = "diff \"${PODS_ROOT}/../Podfile.lock\" \"${PODS_ROOT}/Manifest.lock\" > /dev/null\nif [ $? != 0 ] ; then\n    # print error to STDERR\n    echo \"error: The sandbox is not in sync with the Podfile.lock. Run 'pod install' or update your CocoaPods installation.\" >&2\n    exit 1\nfi\n";
			showEnvVarsInLog = 0;
		};
		6D3B1DE75A07926405DCD5C8 /* [CP] Embed Pods Frameworks */ = {
			isa = PBXShellScriptBuildPhase;
			buildActionMask = 2147483647;
			files = (
			);
			inputPaths = (
			);
			name = "[CP] Embed Pods Frameworks";
			outputPaths = (
			);
			runOnlyForDeploymentPostprocessing = 0;
			shellPath = /bin/sh;
			shellScript = "\"${SRCROOT}/Pods/Target Support Files/Pods-V2EX/Pods-V2EX-frameworks.sh\"\n";
			showEnvVarsInLog = 0;
		};
		CA5982A4C883D6BEB192AEBF /* [CP] Copy Pods Resources */ = {
			isa = PBXShellScriptBuildPhase;
			buildActionMask = 2147483647;
			files = (
			);
			inputPaths = (
			);
			name = "[CP] Copy Pods Resources";
			outputPaths = (
			);
			runOnlyForDeploymentPostprocessing = 0;
			shellPath = /bin/sh;
			shellScript = "\"${SRCROOT}/Pods/Target Support Files/Pods-V2EX/Pods-V2EX-resources.sh\"\n";
			showEnvVarsInLog = 0;
		};
/* End PBXShellScriptBuildPhase section */

/* Begin PBXSourcesBuildPhase section */
		CA86BE031E5EBAC10038DE1D /* Sources */ = {
			isa = PBXSourcesBuildPhase;
			buildActionMask = 2147483647;
			files = (
				CA9DE88E1E7BCEC8003BA25F /* FavoriteViewController.swift in Sources */,
				CA58105D1E80F78C0003B7C2 /* UIImage.swift in Sources */,
				CA353EA31E6963C20006D37B /* LoginViewController.swift in Sources */,
				CA864BB91E77983F00997D4E /* LoginButton.swift in Sources */,
				CA505DA31E6D4440004F738C /* Account.swift in Sources */,
				CA4BA8C61E713D7300FEE50E /* TopicDetailsHeaderView.swift in Sources */,
				CA47EB421E82763200737EA5 /* AboutLicensesViewController.swift in Sources */,
				CA2EEC8D1E78D69000F723E8 /* TimelineHeaderView.swift in Sources */,
				CA2EEC911E78DBEC00F723E8 /* TimelineReplyViewCell.swift in Sources */,
				CA47EB361E82495900737EA5 /* Privacy.swift in Sources */,
				CA2DB6E41E6E92AA00E585B8 /* TopicDetailsViewController.swift in Sources */,
				CA2EEC991E79388600F723E8 /* AllPostsSection.swift in Sources */,
				CA2EEC971E7910A000F723E8 /* AllPostsViewModel.swift in Sources */,
				CA353E9D1E694FD90006D37B /* NodeViewModel.swift in Sources */,
				CA864BBB1E779DCD00997D4E /* ProfileViewController.swift in Sources */,
				CA864BCC1E77E61E00997D4E /* TimelineViewModel.swift in Sources */,
				CA864BB41E77864D00997D4E /* HUD.swift in Sources */,
				CA90CD911E66AD7400CD0B98 /* Topic.swift in Sources */,
				CA2EEC9D1E7942BE00F723E8 /* InfiniteScrollView.swift in Sources */,
				CA4A4F3A1E84C3A30035E0A7 /* CommentTextView.swift in Sources */,
				CA2EEC951E790B6700F723E8 /* AllPostsViewController.swift in Sources */,
				CA2EEC8F1E78DBD000F723E8 /* TimelineTopicViewCell.swift in Sources */,
				CA0C0B1E1E7FC58800B68208 /* NodeTopicsViewCell.swift in Sources */,
				CA3FFAE51E6FDBD300470DAD /* TopicDetailsViewModel.swift in Sources */,
				CA90CD951E66ADEC00CD0B98 /* Node.swift in Sources */,
				CA2DB6EF1E6EACA600E585B8 /* TopicDetailsCommentCell.swift in Sources */,
				CA9DE8901E7BCED5003BA25F /* SettingViewController.swift in Sources */,
				CA0C0B1A1E7FC11400B68208 /* NodeTopicsViewController.swift in Sources */,
				CA864BCA1E77E39F00997D4E /* TimelineSection.swift in Sources */,
				CA0C0B1C1E7FC14000B68208 /* NodeTopicsViewModel.swift in Sources */,
				CA55A3641E7F726A00A99D6C /* FavoriteItem.swift in Sources */,
				CA864BBD1E779EEE00997D4E /* ProfileMenuViewCell.swift in Sources */,
				CA864BC71E77DCBE00997D4E /* TimelineViewController.swift in Sources */,
				CA353E9B1E69478F0006D37B /* TopicViewModel.swift in Sources */,
				CA3FFAE31E6FA97300470DAD /* Comment.swift in Sources */,
				CA360AB81E68004400DED2FD /* TopicViewCell.swift in Sources */,
				CA58105B1E80F68C0003B7C2 /* AppSetting.swift in Sources */,
				CA360AB61E67FFD400DED2FD /* ReusableView.swift in Sources */,
				CA9DE8841E7B7F91003BA25F /* Message.swift in Sources */,
				CA9DE8921E7BD51A003BA25F /* FavoriteViewModel.swift in Sources */,
				CA55A3661E7FA6B900A99D6C /* FavoriteNodeViewCell.swift in Sources */,
				CA9DE8881E7B89CF003BA25F /* MessageViewCell.swift in Sources */,
				CA864BC51E77DAA600997D4E /* Reply.swift in Sources */,
				CA9DE8861E7B8674003BA25F /* MessageViewController.swift in Sources */,
				CA477A781E6660DD000FC1F5 /* AppDelegate.swift in Sources */,
				CAFB87FA1E851EB2001885DA /* InputCommentView.swift in Sources */,
				CA01C5721E83BF8100DA8728 /* String.swift in Sources */,
				CA90CD8D1E66717500CD0B98 /* HTMLParser.swift in Sources */,
				CA58105F1E80FEC70003B7C2 /* SettingViewModel.swift in Sources */,
				CA864BBF1E779F2A00997D4E /* ProfileHeaderView.swift in Sources */,
				CA360AB01E67EF4400DED2FD /* User.swift in Sources */,
				CA477A8F1E6661B2000FC1F5 /* API.swift in Sources */,
				CA477A7F1E6660ED000FC1F5 /* DrawerViewController.swift in Sources */,
				CA9DE88A1E7B8B2C003BA25F /* MessageViewModel.swift in Sources */,
				CA360AB41E67FFA600DED2FD /* HomeViewController.swift in Sources */,
				CA353E9F1E6953AF0006D37B /* NodesViewController.swift in Sources */,
				CA505D9F1E6D2C17004F738C /* ActivityIndicator.swift in Sources */,
				CA0A6B051E88AE7F00798F88 /* GrowingTextView.swift in Sources */,
				CA4BA8A41E712DDE00FEE50E /* AppStyle.swift in Sources */,
				CA353EA51E696D9F0006D37B /* LoginViewModel.swift in Sources */,
				CA2DB6E61E6E95D200E585B8 /* TopicDetailsSection.swift in Sources */,
				CA6605F61E768C2D00BB19A7 /* LoadMoreCommentCell.swift in Sources */,
			);
			runOnlyForDeploymentPostprocessing = 0;
		};
/* End PBXSourcesBuildPhase section */

/* Begin XCBuildConfiguration section */
		CA86BE171E5EBAC10038DE1D /* Debug */ = {
			isa = XCBuildConfiguration;
			buildSettings = {
				ALWAYS_SEARCH_USER_PATHS = NO;
				CLANG_ANALYZER_NONNULL = YES;
				CLANG_CXX_LANGUAGE_STANDARD = "gnu++0x";
				CLANG_CXX_LIBRARY = "libc++";
				CLANG_ENABLE_MODULES = YES;
				CLANG_ENABLE_OBJC_ARC = YES;
				CLANG_WARN_BOOL_CONVERSION = YES;
				CLANG_WARN_CONSTANT_CONVERSION = YES;
				CLANG_WARN_DIRECT_OBJC_ISA_USAGE = YES_ERROR;
				CLANG_WARN_DOCUMENTATION_COMMENTS = YES;
				CLANG_WARN_EMPTY_BODY = YES;
				CLANG_WARN_ENUM_CONVERSION = YES;
				CLANG_WARN_INFINITE_RECURSION = YES;
				CLANG_WARN_INT_CONVERSION = YES;
				CLANG_WARN_OBJC_ROOT_CLASS = YES_ERROR;
				CLANG_WARN_SUSPICIOUS_MOVE = YES;
				CLANG_WARN_UNREACHABLE_CODE = YES;
				CLANG_WARN__DUPLICATE_METHOD_MATCH = YES;
				"CODE_SIGN_IDENTITY[sdk=iphoneos*]" = "iPhone Developer";
				COPY_PHASE_STRIP = NO;
				DEBUG_INFORMATION_FORMAT = dwarf;
				ENABLE_STRICT_OBJC_MSGSEND = YES;
				ENABLE_TESTABILITY = YES;
				GCC_C_LANGUAGE_STANDARD = gnu99;
				GCC_DYNAMIC_NO_PIC = NO;
				GCC_NO_COMMON_BLOCKS = YES;
				GCC_OPTIMIZATION_LEVEL = 0;
				GCC_PREPROCESSOR_DEFINITIONS = (
					"DEBUG=1",
					"$(inherited)",
				);
				GCC_WARN_64_TO_32_BIT_CONVERSION = YES;
				GCC_WARN_ABOUT_RETURN_TYPE = YES_ERROR;
				GCC_WARN_UNDECLARED_SELECTOR = YES;
				GCC_WARN_UNINITIALIZED_AUTOS = YES_AGGRESSIVE;
				GCC_WARN_UNUSED_FUNCTION = YES;
				GCC_WARN_UNUSED_VARIABLE = YES;
				IPHONEOS_DEPLOYMENT_TARGET = 10.2;
				MTL_ENABLE_DEBUG_INFO = YES;
				ONLY_ACTIVE_ARCH = YES;
				SDKROOT = iphoneos;
				SWIFT_ACTIVE_COMPILATION_CONDITIONS = DEBUG;
				SWIFT_OPTIMIZATION_LEVEL = "-Onone";
				TARGETED_DEVICE_FAMILY = "1,2";
			};
			name = Debug;
		};
		CA86BE181E5EBAC10038DE1D /* Release */ = {
			isa = XCBuildConfiguration;
			buildSettings = {
				ALWAYS_SEARCH_USER_PATHS = NO;
				CLANG_ANALYZER_NONNULL = YES;
				CLANG_CXX_LANGUAGE_STANDARD = "gnu++0x";
				CLANG_CXX_LIBRARY = "libc++";
				CLANG_ENABLE_MODULES = YES;
				CLANG_ENABLE_OBJC_ARC = YES;
				CLANG_WARN_BOOL_CONVERSION = YES;
				CLANG_WARN_CONSTANT_CONVERSION = YES;
				CLANG_WARN_DIRECT_OBJC_ISA_USAGE = YES_ERROR;
				CLANG_WARN_DOCUMENTATION_COMMENTS = YES;
				CLANG_WARN_EMPTY_BODY = YES;
				CLANG_WARN_ENUM_CONVERSION = YES;
				CLANG_WARN_INFINITE_RECURSION = YES;
				CLANG_WARN_INT_CONVERSION = YES;
				CLANG_WARN_OBJC_ROOT_CLASS = YES_ERROR;
				CLANG_WARN_SUSPICIOUS_MOVE = YES;
				CLANG_WARN_UNREACHABLE_CODE = YES;
				CLANG_WARN__DUPLICATE_METHOD_MATCH = YES;
				"CODE_SIGN_IDENTITY[sdk=iphoneos*]" = "iPhone Developer";
				COPY_PHASE_STRIP = NO;
				DEBUG_INFORMATION_FORMAT = "dwarf-with-dsym";
				ENABLE_NS_ASSERTIONS = NO;
				ENABLE_STRICT_OBJC_MSGSEND = YES;
				GCC_C_LANGUAGE_STANDARD = gnu99;
				GCC_NO_COMMON_BLOCKS = YES;
				GCC_WARN_64_TO_32_BIT_CONVERSION = YES;
				GCC_WARN_ABOUT_RETURN_TYPE = YES_ERROR;
				GCC_WARN_UNDECLARED_SELECTOR = YES;
				GCC_WARN_UNINITIALIZED_AUTOS = YES_AGGRESSIVE;
				GCC_WARN_UNUSED_FUNCTION = YES;
				GCC_WARN_UNUSED_VARIABLE = YES;
				IPHONEOS_DEPLOYMENT_TARGET = 10.2;
				MTL_ENABLE_DEBUG_INFO = NO;
				SDKROOT = iphoneos;
				SWIFT_OPTIMIZATION_LEVEL = "-Owholemodule";
				TARGETED_DEVICE_FAMILY = "1,2";
				VALIDATE_PRODUCT = YES;
			};
			name = Release;
		};
		CA86BE1A1E5EBAC10038DE1D /* Debug */ = {
			isa = XCBuildConfiguration;
			baseConfigurationReference = 8E90EF33CA89918117D41AC4 /* Pods-V2EX.debug.xcconfig */;
			buildSettings = {
				ASSETCATALOG_COMPILER_APPICON_NAME = AppIcon;
				CLANG_ENABLE_MODULES = YES;
				DEVELOPMENT_TEAM = VE7H86BMP3;
				INFOPLIST_FILE = "$(SRCROOT)/V2EX/Supporting Files/Info.plist";
				LD_RUNPATH_SEARCH_PATHS = "$(inherited) @executable_path/Frameworks";
				PRODUCT_BUNDLE_IDENTIFIER = com.wgh.V2EX;
				PRODUCT_NAME = "$(TARGET_NAME)";
				SWIFT_OPTIMIZATION_LEVEL = "-Onone";
				SWIFT_VERSION = 3.0;
			};
			name = Debug;
		};
		CA86BE1B1E5EBAC10038DE1D /* Release */ = {
			isa = XCBuildConfiguration;
			baseConfigurationReference = 054FE44499A50831AB817549 /* Pods-V2EX.release.xcconfig */;
			buildSettings = {
				ASSETCATALOG_COMPILER_APPICON_NAME = AppIcon;
				CLANG_ENABLE_MODULES = YES;
				DEVELOPMENT_TEAM = VE7H86BMP3;
				INFOPLIST_FILE = "$(SRCROOT)/V2EX/Supporting Files/Info.plist";
				LD_RUNPATH_SEARCH_PATHS = "$(inherited) @executable_path/Frameworks";
				PRODUCT_BUNDLE_IDENTIFIER = com.wgh.V2EX;
				PRODUCT_NAME = "$(TARGET_NAME)";
				SWIFT_VERSION = 3.0;
			};
			name = Release;
		};
/* End XCBuildConfiguration section */

/* Begin XCConfigurationList section */
		CA86BE021E5EBAC10038DE1D /* Build configuration list for PBXProject "V2EX" */ = {
			isa = XCConfigurationList;
			buildConfigurations = (
				CA86BE171E5EBAC10038DE1D /* Debug */,
				CA86BE181E5EBAC10038DE1D /* Release */,
			);
			defaultConfigurationIsVisible = 0;
			defaultConfigurationName = Release;
		};
		CA86BE191E5EBAC10038DE1D /* Build configuration list for PBXNativeTarget "V2EX" */ = {
			isa = XCConfigurationList;
			buildConfigurations = (
				CA86BE1A1E5EBAC10038DE1D /* Debug */,
				CA86BE1B1E5EBAC10038DE1D /* Release */,
			);
			defaultConfigurationIsVisible = 0;
			defaultConfigurationName = Release;
		};
/* End XCConfigurationList section */
	};
	rootObject = CA86BDFF1E5EBAC10038DE1D /* Project object */;
}
